// !$*UTF8*$!
{
	archiveVersion = 1;
	classes = {
	};
	objectVersion = 56;
	objects = {

/* Begin PBXFileReference section */
		D66891EF2B1A4AE300256186 /* .DS_Store */ = {isa = PBXFileReference; lastKnownFileType = file; path = .DS_Store; sourceTree = "<group>"; };
		D66891F02B1A4AE300256186 /* uicache.h */ = {isa = PBXFileReference; lastKnownFileType = sourcecode.c.h; path = uicache.h; sourceTree = "<group>"; };
		D66891F12B1A4AE300256186 /* Makefile */ = {isa = PBXFileReference; lastKnownFileType = sourcecode.make; path = Makefile; sourceTree = "<group>"; };
		D66891F22B1A4AE300256186 /* entitlements.plist */ = {isa = PBXFileReference; lastKnownFileType = text.plist; path = entitlements.plist; sourceTree = "<group>"; };
		D66891F32B1A4AE300256186 /* TSUtil.m */ = {isa = PBXFileReference; lastKnownFileType = sourcecode.c.objc; path = TSUtil.m; sourceTree = "<group>"; };
		D66891F42B1A4AE300256186 /* .gitignore */ = {isa = PBXFileReference; lastKnownFileType = text; path = .gitignore; sourceTree = "<group>"; };
		D66891F52B1A4AE300256186 /* main.m */ = {isa = PBXFileReference; lastKnownFileType = sourcecode.c.objc; path = main.m; sourceTree = "<group>"; };
		D66891F62B1A4AE300256186 /* uicache.m */ = {isa = PBXFileReference; lastKnownFileType = sourcecode.c.objc; path = uicache.m; sourceTree = "<group>"; };
		D66891F72B1A4AE300256186 /* TSUtil.h */ = {isa = PBXFileReference; lastKnownFileType = sourcecode.c.h; path = TSUtil.h; sourceTree = "<group>"; };
		D66891F82B1A4AE300256186 /* CoreServices.h */ = {isa = PBXFileReference; lastKnownFileType = sourcecode.c.h; path = CoreServices.h; sourceTree = "<group>"; };
		D66891F92B1A4AE300256186 /* RemoteLog.h */ = {isa = PBXFileReference; lastKnownFileType = sourcecode.c.h; path = RemoteLog.h; sourceTree = "<group>"; };
		D66891FA2B1A4AE300256186 /* control */ = {isa = PBXFileReference; lastKnownFileType = text; path = control; sourceTree = "<group>"; };
/* End PBXFileReference section */

/* Begin PBXGroup section */
		D66891E92B1A4AE300256186 = {
			isa = PBXGroup;
			children = (
				D66891EF2B1A4AE300256186 /* .DS_Store */,
				D66891F02B1A4AE300256186 /* uicache.h */,
				D66891F12B1A4AE300256186 /* Makefile */,
				D66891F22B1A4AE300256186 /* entitlements.plist */,
				D66891F32B1A4AE300256186 /* TSUtil.m */,
				D66891F42B1A4AE300256186 /* .gitignore */,
				D66891F52B1A4AE300256186 /* main.m */,
				D66891F62B1A4AE300256186 /* uicache.m */,
				D66891F72B1A4AE300256186 /* TSUtil.h */,
				D66891F82B1A4AE300256186 /* CoreServices.h */,
				D66891F92B1A4AE300256186 /* RemoteLog.h */,
				D66891FA2B1A4AE300256186 /* control */,
			);
			sourceTree = "<group>";
		};
/* End PBXGroup section */

/* Begin PBXLegacyTarget section */
		D66891EE2B1A4AE300256186 /* TSRootHelper */ = {
			isa = PBXLegacyTarget;
			buildArgumentsString = "$(ACTION)";
			buildConfigurationList = D66891FB2B1A4AE300256186 /* Build configuration list for PBXLegacyTarget "TSRootHelper" */;
			buildPhases = (
			);
			buildToolPath = /usr/bin/make;
			buildWorkingDirectory = /Users/hariz/Picasso/TSRootHelper;
			dependencies = (
			);
			name = TSRootHelper;
			passBuildSettingsInEnvironment = 1;
			productName = TSRootHelper;
		};
/* End PBXLegacyTarget section */

/* Begin PBXProject section */
		D66891EA2B1A4AE300256186 /* Project object */ = {
			isa = PBXProject;
			attributes = {
				BuildIndependentTargetsInParallel = 1;
			};
			buildConfigurationList = D66891ED2B1A4AE300256186 /* Build configuration list for PBXProject "TSRootHelper" */;
			compatibilityVersion = "Xcode 14.0";
			developmentRegion = en;
			hasScannedForEncodings = 0;
			knownRegions = (
				en,
				Base,
			);
			mainGroup = D66891E92B1A4AE300256186;
			projectDirPath = "";
			projectRoot = "";
			targets = (
				D66891EE2B1A4AE300256186 /* TSRootHelper */,
			);
		};
/* End PBXProject section */

/* Begin XCBuildConfiguration section */
		D66891EB2B1A4AE300256186 /* Debug */ = {
			isa = XCBuildConfiguration;
			buildSettings = {
				ARCHS = "$(ARCHS_STANDARD_32_BIT)";
				COPY_PHASE_STRIP = NO;
				GCC_WARN_ABOUT_RETURN_TYPE = YES;
				GCC_WARN_UNUSED_VARIABLE = YES;
				ONLY_ACTIVE_ARCH = YES;
				SDKROOT = macosx10.6;
			};
			name = Debug;
		};
		D66891EC2B1A4AE300256186 /* Release */ = {
			isa = XCBuildConfiguration;
			buildSettings = {
				ARCHS = "$(ARCHS_STANDARD_32_BIT)";
				COPY_PHASE_STRIP = YES;
				GCC_WARN_ABOUT_RETURN_TYPE = YES;
				GCC_WARN_UNUSED_VARIABLE = YES;
				SDKROOT = macosx10.6;
			};
			name = Release;
		};
		D66891FC2B1A4AE300256186 /* Debug */ = {
			isa = XCBuildConfiguration;
			buildSettings = {
				COPY_PHASE_STRIP = NO;
				DEBUGGING_SYMBOLS = YES;
				GCC_DYNAMIC_NO_PIC = NO;
				GCC_ENABLE_FIX_AND_CONTINUE = YES;
				GCC_GENERATE_DEBUGGING_SYMBOLS = YES;
				GCC_OPTIMIZATION_LEVEL = 0;
				OTHER_CFLAGS = "";
				OTHER_LDFLAGS = "";
				PRODUCT_NAME = TSRootHelper;
			};
			name = Debug;
		};
		D66891FD2B1A4AE300256186 /* Release */ = {
			isa = XCBuildConfiguration;
			buildSettings = {
				COPY_PHASE_STRIP = YES;
				DEBUG_INFORMATION_FORMAT = "dwarf-with-dsym";
				GCC_ENABLE_FIX_AND_CONTINUE = NO;
				OTHER_CFLAGS = "";
				OTHER_LDFLAGS = "";
				PRODUCT_NAME = TSRootHelper;
			};
			name = Release;
		};
/* End XCBuildConfiguration section */

/* Begin XCConfigurationList section */
		D66891ED2B1A4AE300256186 /* Build configuration list for PBXProject "TSRootHelper" */ = {
			isa = XCConfigurationList;
			buildConfigurations = (
				D66891EB2B1A4AE300256186 /* Debug */,
				D66891EC2B1A4AE300256186 /* Release */,
			);
			defaultConfigurationIsVisible = 0;
			defaultConfigurationName = Release;
		};
		D66891FB2B1A4AE300256186 /* Build configuration list for PBXLegacyTarget "TSRootHelper" */ = {
			isa = XCConfigurationList;
			buildConfigurations = (
				D66891FC2B1A4AE300256186 /* Debug */,
				D66891FD2B1A4AE300256186 /* Release */,
			);
			defaultConfigurationIsVisible = 0;
			defaultConfigurationName = Release;
		};
/* End XCConfigurationList section */
	};
	rootObject = D66891EA2B1A4AE300256186 /* Project object */;
}
